
Microsoft Visual Studio Solution File, Format Version 12.00
# Visual Studio 2012
Project("{FAE04EC0-301F-11D3-BF4B-00C04F79EFBC}") = "TelegramAdBot.WebApi", "TelegramAdBot.WebApi\TelegramAdBot.WebApi.csproj", "{304B5314-AEE4-4CCE-9FAB-F5EDAD7DDC0D}"
EndProject
Project("{FAE04EC0-301F-11D3-BF4B-00C04F79EFBC}") = "TelegramAdBot.DataAccess", "TelegramAdBot.DataAccess\TelegramAdBot.DataAccess.csproj", "{6DDA9F0A-1DDE-4EF1-BD10-784F4A6DFB5D}"
EndProject
Project("{FAE04EC0-301F-11D3-BF4B-00C04F79EFBC}") = "TelegramAdBot.DataAccess.MongoDb", "TelegramAdBot.DataAccess.MongoDb\TelegramAdBot.DataAccess.MongoDb.csproj", "{48A82232-A5EC-4F86-A37A-69AFAB3A036E}"
EndProject
Project("{FAE04EC0-301F-11D3-BF4B-00C04F79EFBC}") = "TelegramAdBot.Services", "TelegramAdBot.Services\TelegramAdBot.Services.csproj", "{8E3084B9-34D9-4685-B5C3-BC108B14E54A}"
EndProject
Project("{FAE04EC0-301F-11D3-BF4B-00C04F79EFBC}") = "TelegramAdBot.Services.Impl", "TelegramAdBot.Services.Impl\TelegramAdBot.Services.Impl.csproj", "{B781A4FD-2B5F-4DB6-8AE8-F01D2F00C945}"
EndProject
Project("{FAE04EC0-301F-11D3-BF4B-00C04F79EFBC}") = "TelegramAdBot.Entities", "TelegramAdBot.Entities\TelegramAdBot.Entities.csproj", "{EFAC69ED-A0D0-42A2-831A-615DFC3CA52D}"
EndProject
Project("{FAE04EC0-301F-11D3-BF4B-00C04F79EFBC}") = "TelegramAdBot.ViewModels", "TelegramAdBot.ViewModels\TelegramAdBot.ViewModels.csproj", "{70E8036B-1200-4212-B7A2-217B73390249}"
EndProject
Project("{FAE04EC0-301F-11D3-BF4B-00C04F79EFBC}") = "TelegramAdBot.IoC", "TelegramAdBot.IoC\TelegramAdBot.IoC.csproj", "{376DAFB6-FE07-4563-988B-54115A0ACD7F}"
EndProject
Project("{FAE04EC0-301F-11D3-BF4B-00C04F79EFBC}") = "TelegramAdBot.Configurations", "TelegramAdBot.Configurations\TelegramAdBot.Configurations.csproj", "{AA7AF353-CBB5-40B1-9587-F831736B3DCA}"
EndProject
Global
	GlobalSection(SolutionConfigurationPlatforms) = preSolution
		Debug|Any CPU = Debug|Any CPU
		Release|Any CPU = Release|Any CPU
	EndGlobalSection
	GlobalSection(ProjectConfigurationPlatforms) = postSolution
		{304B5314-AEE4-4CCE-9FAB-F5EDAD7DDC0D}.Debug|Any CPU.ActiveCfg = Debug|Any CPU
		{304B5314-AEE4-4CCE-9FAB-F5EDAD7DDC0D}.Debug|Any CPU.Build.0 = Debug|Any CPU
		{304B5314-AEE4-4CCE-9FAB-F5EDAD7DDC0D}.Release|Any CPU.ActiveCfg = Release|Any CPU
		{304B5314-AEE4-4CCE-9FAB-F5EDAD7DDC0D}.Release|Any CPU.Build.0 = Release|Any CPU
		{6DDA9F0A-1DDE-4EF1-BD10-784F4A6DFB5D}.Debug|Any CPU.ActiveCfg = Debug|Any CPU
		{6DDA9F0A-1DDE-4EF1-BD10-784F4A6DFB5D}.Debug|Any CPU.Build.0 = Debug|Any CPU
		{6DDA9F0A-1DDE-4EF1-BD10-784F4A6DFB5D}.Release|Any CPU.ActiveCfg = Release|Any CPU
		{6DDA9F0A-1DDE-4EF1-BD10-784F4A6DFB5D}.Release|Any CPU.Build.0 = Release|Any CPU
		{48A82232-A5EC-4F86-A37A-69AFAB3A036E}.Debug|Any CPU.ActiveCfg = Debug|Any CPU
		{48A82232-A5EC-4F86-A37A-69AFAB3A036E}.Debug|Any CPU.Build.0 = Debug|Any CPU
		{48A82232-A5EC-4F86-A37A-69AFAB3A036E}.Release|Any CPU.ActiveCfg = Release|Any CPU
		{48A82232-A5EC-4F86-A37A-69AFAB3A036E}.Release|Any CPU.Build.0 = Release|Any CPU
		{8E3084B9-34D9-4685-B5C3-BC108B14E54A}.Debug|Any CPU.ActiveCfg = Debug|Any CPU
		{8E3084B9-34D9-4685-B5C3-BC108B14E54A}.Debug|Any CPU.Build.0 = Debug|Any CPU
		{8E3084B9-34D9-4685-B5C3-BC108B14E54A}.Release|Any CPU.ActiveCfg = Release|Any CPU
		{8E3084B9-34D9-4685-B5C3-BC108B14E54A}.Release|Any CPU.Build.0 = Release|Any CPU
		{B781A4FD-2B5F-4DB6-8AE8-F01D2F00C945}.Debug|Any CPU.ActiveCfg = Debug|Any CPU
		{B781A4FD-2B5F-4DB6-8AE8-F01D2F00C945}.Debug|Any CPU.Build.0 = Debug|Any CPU
		{B781A4FD-2B5F-4DB6-8AE8-F01D2F00C945}.Release|Any CPU.ActiveCfg = Release|Any CPU
		{B781A4FD-2B5F-4DB6-8AE8-F01D2F00C945}.Release|Any CPU.Build.0 = Release|Any CPU
		{EFAC69ED-A0D0-42A2-831A-615DFC3CA52D}.Debug|Any CPU.ActiveCfg = Debug|Any CPU
		{EFAC69ED-A0D0-42A2-831A-615DFC3CA52D}.Debug|Any CPU.Build.0 = Debug|Any CPU
		{EFAC69ED-A0D0-42A2-831A-615DFC3CA52D}.Release|Any CPU.ActiveCfg = Release|Any CPU
		{EFAC69ED-A0D0-42A2-831A-615DFC3CA52D}.Release|Any CPU.Build.0 = Release|Any CPU
		{70E8036B-1200-4212-B7A2-217B73390249}.Debug|Any CPU.ActiveCfg = Debug|Any CPU
		{70E8036B-1200-4212-B7A2-217B73390249}.Debug|Any CPU.Build.0 = Debug|Any CPU
		{70E8036B-1200-4212-B7A2-217B73390249}.Release|Any CPU.ActiveCfg = Release|Any CPU
		{70E8036B-1200-4212-B7A2-217B73390249}.Release|Any CPU.Build.0 = Release|Any CPU
		{376DAFB6-FE07-4563-988B-54115A0ACD7F}.Debug|Any CPU.ActiveCfg = Debug|Any CPU
		{376DAFB6-FE07-4563-988B-54115A0ACD7F}.Debug|Any CPU.Build.0 = Debug|Any CPU
		{376DAFB6-FE07-4563-988B-54115A0ACD7F}.Release|Any CPU.ActiveCfg = Release|Any CPU
		{376DAFB6-FE07-4563-988B-54115A0ACD7F}.Release|Any CPU.Build.0 = Release|Any CPU
		{AA7AF353-CBB5-40B1-9587-F831736B3DCA}.Debug|Any CPU.ActiveCfg = Debug|Any CPU
		{AA7AF353-CBB5-40B1-9587-F831736B3DCA}.Debug|Any CPU.Build.0 = Debug|Any CPU
		{AA7AF353-CBB5-40B1-9587-F831736B3DCA}.Release|Any CPU.ActiveCfg = Release|Any CPU
		{AA7AF353-CBB5-40B1-9587-F831736B3DCA}.Release|Any CPU.Build.0 = Release|Any CPU
	EndGlobalSection
EndGlobal
